PODS:
  - Kingfisher (4.2.0)
  - XLPagerTabStrip (8.0.0)

DEPENDENCIES:
  - Kingfisher (~> 4.0)
  - XLPagerTabStrip (~> 8.0)

SPEC CHECKSUMS:
  Kingfisher: 9ee7e788d8ba07c3f21ce0d43f33cec310a4f781
  XLPagerTabStrip: d1ab378af0923320ec0b5eab11d7b2f803d31261

PODFILE CHECKSUM: a216baeaeeb50fd7667b9a5bfc62235790e0b56a

COCOAPODS: 1.2.0
