// !$*UTF8*$!
{
	archiveVersion = 1;
	classes = {
	};
	objectVersion = 48;
	objects = {

/* Begin PBXBuildFile section */
		A11EB0141FAD4FBE000D5E25 /* AppDelegate.swift in Sources */ = {isa = PBXBuildFile; fileRef = A11EB0131FAD4FBE000D5E25 /* AppDelegate.swift */; };
		A11EB0161FAD4FBE000D5E25 /* ViewController.swift in Sources */ = {isa = PBXBuildFile; fileRef = A11EB0151FAD4FBE000D5E25 /* ViewController.swift */; };
		A11EB0191FAD4FBE000D5E25 /* Main.storyboard in Resources */ = {isa = PBXBuildFile; fileRef = A11EB0171FAD4FBE000D5E25 /* Main.storyboard */; };
		A11EB01B1FAD4FBE000D5E25 /* Assets.xcassets in Resources */ = {isa = PBXBuildFile; fileRef = A11EB01A1FAD4FBE000D5E25 /* Assets.xcassets */; };
		A11EB01E1FAD4FBE000D5E25 /* LaunchScreen.storyboard in Resources */ = {isa = PBXBuildFile; fileRef = A11EB01C1FAD4FBE000D5E25 /* LaunchScreen.storyboard */; };
		A11EB0291FAD4FBE000D5E25 /* BerzanTests.swift in Sources */ = {isa = PBXBuildFile; fileRef = A11EB0281FAD4FBE000D5E25 /* BerzanTests.swift */; };
		A11EB0341FAD4FBE000D5E25 /* BerzanUITests.swift in Sources */ = {isa = PBXBuildFile; fileRef = A11EB0331FAD4FBE000D5E25 /* BerzanUITests.swift */; };
/* End PBXBuildFile section */

/* Begin PBXContainerItemProxy section */
		A11EB0251FAD4FBE000D5E25 /* PBXContainerItemProxy */ = {
			isa = PBXContainerItemProxy;
			containerPortal = A11EB0081FAD4FBE000D5E25 /* Project object */;
			proxyType = 1;
			remoteGlobalIDString = A11EB00F1FAD4FBE000D5E25;
			remoteInfo = Berzan;
		};
		A11EB0301FAD4FBE000D5E25 /* PBXContainerItemProxy */ = {
			isa = PBXContainerItemProxy;
			containerPortal = A11EB0081FAD4FBE000D5E25 /* Project object */;
			proxyType = 1;
			remoteGlobalIDString = A11EB00F1FAD4FBE000D5E25;
			remoteInfo = Berzan;
		};
/* End PBXContainerItemProxy section */

/* Begin PBXFileReference section */
		A11EB0101FAD4FBE000D5E25 /* Berzan.app */ = {isa = PBXFileReference; explicitFileType = wrapper.application; includeInIndex = 0; path = Berzan.app; sourceTree = BUILT_PRODUCTS_DIR; };
		A11EB0131FAD4FBE000D5E25 /* AppDelegate.swift */ = {isa = PBXFileReference; lastKnownFileType = sourcecode.swift; path = AppDelegate.swift; sourceTree = "<group>"; };
		A11EB0151FAD4FBE000D5E25 /* ViewController.swift */ = {isa = PBXFileReference; lastKnownFileType = sourcecode.swift; path = ViewController.swift; sourceTree = "<group>"; };
		A11EB0181FAD4FBE000D5E25 /* Base */ = {isa = PBXFileReference; lastKnownFileType = file.storyboard; name = Base; path = Base.lproj/Main.storyboard; sourceTree = "<group>"; };
		A11EB01A1FAD4FBE000D5E25 /* Assets.xcassets */ = {isa = PBXFileReference; lastKnownFileType = folder.assetcatalog; path = Assets.xcassets; sourceTree = "<group>"; };
		A11EB01D1FAD4FBE000D5E25 /* Base */ = {isa = PBXFileReference; lastKnownFileType = file.storyboard; name = Base; path = Base.lproj/LaunchScreen.storyboard; sourceTree = "<group>"; };
		A11EB01F1FAD4FBE000D5E25 /* Info.plist */ = {isa = PBXFileReference; lastKnownFileType = text.plist.xml; path = Info.plist; sourceTree = "<group>"; };
		A11EB0241FAD4FBE000D5E25 /* BerzanTests.xctest */ = {isa = PBXFileReference; explicitFileType = wrapper.cfbundle; includeInIndex = 0; path = BerzanTests.xctest; sourceTree = BUILT_PRODUCTS_DIR; };
		A11EB0281FAD4FBE000D5E25 /* BerzanTests.swift */ = {isa = PBXFileReference; lastKnownFileType = sourcecode.swift; path = BerzanTests.swift; sourceTree = "<group>"; };
		A11EB02A1FAD4FBE000D5E25 /* Info.plist */ = {isa = PBXFileReference; lastKnownFileType = text.plist.xml; path = Info.plist; sourceTree = "<group>"; };
		A11EB02F1FAD4FBE000D5E25 /* BerzanUITests.xctest */ = {isa = PBXFileReference; explicitFileType = wrapper.cfbundle; includeInIndex = 0; path = BerzanUITests.xctest; sourceTree = BUILT_PRODUCTS_DIR; };
		A11EB0331FAD4FBE000D5E25 /* BerzanUITests.swift */ = {isa = PBXFileReference; lastKnownFileType = sourcecode.swift; path = BerzanUITests.swift; sourceTree = "<group>"; };
		A11EB0351FAD4FBE000D5E25 /* Info.plist */ = {isa = PBXFileReference; lastKnownFileType = text.plist.xml; path = Info.plist; sourceTree = "<group>"; };
/* End PBXFileReference section */

/* Begin PBXFrameworksBuildPhase section */
		A11EB00D1FAD4FBE000D5E25 /* Frameworks */ = {
			isa = PBXFrameworksBuildPhase;
			buildActionMask = 2147483647;
			files = (
			);
			runOnlyForDeploymentPostprocessing = 0;
		};
		A11EB0211FAD4FBE000D5E25 /* Frameworks */ = {
			isa = PBXFrameworksBuildPhase;
			buildActionMask = 2147483647;
			files = (
			);
			runOnlyForDeploymentPostprocessing = 0;
		};
		A11EB02C1FAD4FBE000D5E25 /* Frameworks */ = {
			isa = PBXFrameworksBuildPhase;
			buildActionMask = 2147483647;
			files = (
			);
			runOnlyForDeploymentPostprocessing = 0;
		};
/* End PBXFrameworksBuildPhase section */

/* Begin PBXGroup section */
		A11EB0071FAD4FBE000D5E25 = {
			isa = PBXGroup;
			children = (
				A11EB0121FAD4FBE000D5E25 /* Berzan */,
				A11EB0271FAD4FBE000D5E25 /* BerzanTests */,
				A11EB0321FAD4FBE000D5E25 /* BerzanUITests */,
				A11EB0111FAD4FBE000D5E25 /* Products */,
			);
			sourceTree = "<group>";
		};
		A11EB0111FAD4FBE000D5E25 /* Products */ = {
			isa = PBXGroup;
			children = (
				A11EB0101FAD4FBE000D5E25 /* Berzan.app */,
				A11EB0241FAD4FBE000D5E25 /* BerzanTests.xctest */,
				A11EB02F1FAD4FBE000D5E25 /* BerzanUITests.xctest */,
			);
			name = Products;
			sourceTree = "<group>";
		};
		A11EB0121FAD4FBE000D5E25 /* Berzan */ = {
			isa = PBXGroup;
			children = (
				A11EB0131FAD4FBE000D5E25 /* AppDelegate.swift */,
				A11EB0151FAD4FBE000D5E25 /* ViewController.swift */,
				A11EB0171FAD4FBE000D5E25 /* Main.storyboard */,
				A11EB01A1FAD4FBE000D5E25 /* Assets.xcassets */,
				A11EB01C1FAD4FBE000D5E25 /* LaunchScreen.storyboard */,
				A11EB01F1FAD4FBE000D5E25 /* Info.plist */,
			);
			path = Berzan;
			sourceTree = "<group>";
		};
		A11EB0271FAD4FBE000D5E25 /* BerzanTests */ = {
			isa = PBXGroup;
			children = (
				A11EB0281FAD4FBE000D5E25 /* BerzanTests.swift */,
				A11EB02A1FAD4FBE000D5E25 /* Info.plist */,
			);
			path = BerzanTests;
			sourceTree = "<group>";
		};
		A11EB0321FAD4FBE000D5E25 /* BerzanUITests */ = {
			isa = PBXGroup;
			children = (
				A11EB0331FAD4FBE000D5E25 /* BerzanUITests.swift */,
				A11EB0351FAD4FBE000D5E25 /* Info.plist */,
			);
			path = BerzanUITests;
			sourceTree = "<group>";
		};
/* End PBXGroup section */

/* Begin PBXNativeTarget section */
		A11EB00F1FAD4FBE000D5E25 /* Berzan */ = {
			isa = PBXNativeTarget;
			buildConfigurationList = A11EB0381FAD4FBE000D5E25 /* Build configuration list for PBXNativeTarget "Berzan" */;
			buildPhases = (
				A11EB00C1FAD4FBE000D5E25 /* Sources */,
				A11EB00D1FAD4FBE000D5E25 /* Frameworks */,
				A11EB00E1FAD4FBE000D5E25 /* Resources */,
			);
			buildRules = (
			);
			dependencies = (
			);
			name = Berzan;
			productName = Berzan;
			productReference = A11EB0101FAD4FBE000D5E25 /* Berzan.app */;
			productType = "com.apple.product-type.application";
		};
		A11EB0231FAD4FBE000D5E25 /* BerzanTests */ = {
			isa = PBXNativeTarget;
			buildConfigurationList = A11EB03B1FAD4FBE000D5E25 /* Build configuration list for PBXNativeTarget "BerzanTests" */;
			buildPhases = (
				A11EB0201FAD4FBE000D5E25 /* Sources */,
				A11EB0211FAD4FBE000D5E25 /* Frameworks */,
				A11EB0221FAD4FBE000D5E25 /* Resources */,
			);
			buildRules = (
			);
			dependencies = (
				A11EB0261FAD4FBE000D5E25 /* PBXTargetDependency */,
			);
			name = BerzanTests;
			productName = BerzanTests;
			productReference = A11EB0241FAD4FBE000D5E25 /* BerzanTests.xctest */;
			productType = "com.apple.product-type.bundle.unit-test";
		};
		A11EB02E1FAD4FBE000D5E25 /* BerzanUITests */ = {
			isa = PBXNativeTarget;
			buildConfigurationList = A11EB03E1FAD4FBE000D5E25 /* Build configuration list for PBXNativeTarget "BerzanUITests" */;
			buildPhases = (
				A11EB02B1FAD4FBE000D5E25 /* Sources */,
				A11EB02C1FAD4FBE000D5E25 /* Frameworks */,
				A11EB02D1FAD4FBE000D5E25 /* Resources */,
			);
			buildRules = (
			);
			dependencies = (
				A11EB0311FAD4FBE000D5E25 /* PBXTargetDependency */,
			);
			name = BerzanUITests;
			productName = BerzanUITests;
			productReference = A11EB02F1FAD4FBE000D5E25 /* BerzanUITests.xctest */;
			productType = "com.apple.product-type.bundle.ui-testing";
		};
/* End PBXNativeTarget section */

/* Begin PBXProject section */
		A11EB0081FAD4FBE000D5E25 /* Project object */ = {
			isa = PBXProject;
			attributes = {
				LastSwiftUpdateCheck = 0910;
				LastUpgradeCheck = 0910;
				ORGANIZATIONNAME = "ALI Team";
				TargetAttributes = {
					A11EB00F1FAD4FBE000D5E25 = {
						CreatedOnToolsVersion = 9.1;
						ProvisioningStyle = Automatic;
					};
					A11EB0231FAD4FBE000D5E25 = {
						CreatedOnToolsVersion = 9.1;
						ProvisioningStyle = Automatic;
						TestTargetID = A11EB00F1FAD4FBE000D5E25;
					};
					A11EB02E1FAD4FBE000D5E25 = {
						CreatedOnToolsVersion = 9.1;
						ProvisioningStyle = Automatic;
						TestTargetID = A11EB00F1FAD4FBE000D5E25;
					};
				};
			};
			buildConfigurationList = A11EB00B1FAD4FBE000D5E25 /* Build configuration list for PBXProject "Berzan" */;
			compatibilityVersion = "Xcode 8.0";
			developmentRegion = en;
			hasScannedForEncodings = 0;
			knownRegions = (
				en,
				Base,
			);
			mainGroup = A11EB0071FAD4FBE000D5E25;
			productRefGroup = A11EB0111FAD4FBE000D5E25 /* Products */;
			projectDirPath = "";
			projectRoot = "";
			targets = (
				A11EB00F1FAD4FBE000D5E25 /* Berzan */,
				A11EB0231FAD4FBE000D5E25 /* BerzanTests */,
				A11EB02E1FAD4FBE000D5E25 /* BerzanUITests */,
			);
		};
/* End PBXProject section */

/* Begin PBXResourcesBuildPhase section */
		A11EB00E1FAD4FBE000D5E25 /* Resources */ = {
			isa = PBXResourcesBuildPhase;
			buildActionMask = 2147483647;
			files = (
				A11EB01E1FAD4FBE000D5E25 /* LaunchScreen.storyboard in Resources */,
				A11EB01B1FAD4FBE000D5E25 /* Assets.xcassets in Resources */,
				A11EB0191FAD4FBE000D5E25 /* Main.storyboard in Resources */,
			);
			runOnlyForDeploymentPostprocessing = 0;
		};
		A11EB0221FAD4FBE000D5E25 /* Resources */ = {
			isa = PBXResourcesBuildPhase;
			buildActionMask = 2147483647;
			files = (
			);
			runOnlyForDeploymentPostprocessing = 0;
		};
		A11EB02D1FAD4FBE000D5E25 /* Resources */ = {
			isa = PBXResourcesBuildPhase;
			buildActionMask = 2147483647;
			files = (
			);
			runOnlyForDeploymentPostprocessing = 0;
		};
/* End PBXResourcesBuildPhase section */

/* Begin PBXSourcesBuildPhase section */
		A11EB00C1FAD4FBE000D5E25 /* Sources */ = {
			isa = PBXSourcesBuildPhase;
			buildActionMask = 2147483647;
			files = (
				A11EB0161FAD4FBE000D5E25 /* ViewController.swift in Sources */,
				A11EB0141FAD4FBE000D5E25 /* AppDelegate.swift in Sources */,
			);
			runOnlyForDeploymentPostprocessing = 0;
		};
		A11EB0201FAD4FBE000D5E25 /* Sources */ = {
			isa = PBXSourcesBuildPhase;
			buildActionMask = 2147483647;
			files = (
				A11EB0291FAD4FBE000D5E25 /* BerzanTests.swift in Sources */,
			);
			runOnlyForDeploymentPostprocessing = 0;
		};
		A11EB02B1FAD4FBE000D5E25 /* Sources */ = {
			isa = PBXSourcesBuildPhase;
			buildActionMask = 2147483647;
			files = (
				A11EB0341FAD4FBE000D5E25 /* BerzanUITests.swift in Sources */,
			);
			runOnlyForDeploymentPostprocessing = 0;
		};
/* End PBXSourcesBuildPhase section */

/* Begin PBXTargetDependency section */
		A11EB0261FAD4FBE000D5E25 /* PBXTargetDependency */ = {
			isa = PBXTargetDependency;
			target = A11EB00F1FAD4FBE000D5E25 /* Berzan */;
			targetProxy = A11EB0251FAD4FBE000D5E25 /* PBXContainerItemProxy */;
		};
		A11EB0311FAD4FBE000D5E25 /* PBXTargetDependency */ = {
			isa = PBXTargetDependency;
			target = A11EB00F1FAD4FBE000D5E25 /* Berzan */;
			targetProxy = A11EB0301FAD4FBE000D5E25 /* PBXContainerItemProxy */;
		};
/* End PBXTargetDependency section */

/* Begin PBXVariantGroup section */
		A11EB0171FAD4FBE000D5E25 /* Main.storyboard */ = {
			isa = PBXVariantGroup;
			children = (
				A11EB0181FAD4FBE000D5E25 /* Base */,
			);
			name = Main.storyboard;
			sourceTree = "<group>";
		};
		A11EB01C1FAD4FBE000D5E25 /* LaunchScreen.storyboard */ = {
			isa = PBXVariantGroup;
			children = (
				A11EB01D1FAD4FBE000D5E25 /* Base */,
			);
			name = LaunchScreen.storyboard;
			sourceTree = "<group>";
		};
/* End PBXVariantGroup section */

/* Begin XCBuildConfiguration section */
		A11EB0361FAD4FBE000D5E25 /* Debug */ = {
			isa = XCBuildConfiguration;
			buildSettings = {
				ALWAYS_SEARCH_USER_PATHS = NO;
				CLANG_ANALYZER_NONNULL = YES;
				CLANG_ANALYZER_NUMBER_OBJECT_CONVERSION = YES_AGGRESSIVE;
				CLANG_CXX_LANGUAGE_STANDARD = "gnu++14";
				CLANG_CXX_LIBRARY = "libc++";
				CLANG_ENABLE_MODULES = YES;
				CLANG_ENABLE_OBJC_ARC = YES;
				CLANG_WARN_BLOCK_CAPTURE_AUTORELEASING = YES;
				CLANG_WARN_BOOL_CONVERSION = YES;
				CLANG_WARN_COMMA = YES;
				CLANG_WARN_CONSTANT_CONVERSION = YES;
				CLANG_WARN_DIRECT_OBJC_ISA_USAGE = YES_ERROR;
				CLANG_WARN_DOCUMENTATION_COMMENTS = YES;
				CLANG_WARN_EMPTY_BODY = YES;
				CLANG_WARN_ENUM_CONVERSION = YES;
				CLANG_WARN_INFINITE_RECURSION = YES;
				CLANG_WARN_INT_CONVERSION = YES;
				CLANG_WARN_NON_LITERAL_NULL_CONVERSION = YES;
				CLANG_WARN_OBJC_LITERAL_CONVERSION = YES;
				CLANG_WARN_OBJC_ROOT_CLASS = YES_ERROR;
				CLANG_WARN_RANGE_LOOP_ANALYSIS = YES;
				CLANG_WARN_STRICT_PROTOTYPES = YES;
				CLANG_WARN_SUSPICIOUS_MOVE = YES;
				CLANG_WARN_UNGUARDED_AVAILABILITY = YES_AGGRESSIVE;
				CLANG_WARN_UNREACHABLE_CODE = YES;
				CLANG_WARN__DUPLICATE_METHOD_MATCH = YES;
				CODE_SIGN_IDENTITY = "iPhone Developer";
				COPY_PHASE_STRIP = NO;
				DEBUG_INFORMATION_FORMAT = dwarf;
				ENABLE_STRICT_OBJC_MSGSEND = YES;
				ENABLE_TESTABILITY = YES;
				GCC_C_LANGUAGE_STANDARD = gnu11;
				GCC_DYNAMIC_NO_PIC = NO;
				GCC_NO_COMMON_BLOCKS = YES;
				GCC_OPTIMIZATION_LEVEL = 0;
				GCC_PREPROCESSOR_DEFINITIONS = (
					"DEBUG=1",
					"$(inherited)",
				);
				GCC_WARN_64_TO_32_BIT_CONVERSION = YES;
				GCC_WARN_ABOUT_RETURN_TYPE = YES_ERROR;
				GCC_WARN_UNDECLARED_SELECTOR = YES;
				GCC_WARN_UNINITIALIZED_AUTOS = YES_AGGRESSIVE;
				GCC_WARN_UNUSED_FUNCTION = YES;
				GCC_WARN_UNUSED_VARIABLE = YES;
				IPHONEOS_DEPLOYMENT_TARGET = 11.1;
				MTL_ENABLE_DEBUG_INFO = YES;
				ONLY_ACTIVE_ARCH = YES;
				SDKROOT = iphoneos;
				SWIFT_ACTIVE_COMPILATION_CONDITIONS = DEBUG;
				SWIFT_OPTIMIZATION_LEVEL = "-Onone";
			};
			name = Debug;
		};
		A11EB0371FAD4FBE000D5E25 /* Release */ = {
			isa = XCBuildConfiguration;
			buildSettings = {
				ALWAYS_SEARCH_USER_PATHS = NO;
				CLANG_ANALYZER_NONNULL = YES;
				CLANG_ANALYZER_NUMBER_OBJECT_CONVERSION = YES_AGGRESSIVE;
				CLANG_CXX_LANGUAGE_STANDARD = "gnu++14";
				CLANG_CXX_LIBRARY = "libc++";
				CLANG_ENABLE_MODULES = YES;
				CLANG_ENABLE_OBJC_ARC = YES;
				CLANG_WARN_BLOCK_CAPTURE_AUTORELEASING = YES;
				CLANG_WARN_BOOL_CONVERSION = YES;
				CLANG_WARN_COMMA = YES;
				CLANG_WARN_CONSTANT_CONVERSION = YES;
				CLANG_WARN_DIRECT_OBJC_ISA_USAGE = YES_ERROR;
				CLANG_WARN_DOCUMENTATION_COMMENTS = YES;
				CLANG_WARN_EMPTY_BODY = YES;
				CLANG_WARN_ENUM_CONVERSION = YES;
				CLANG_WARN_INFINITE_RECURSION = YES;
				CLANG_WARN_INT_CONVERSION = YES;
				CLANG_WARN_NON_LITERAL_NULL_CONVERSION = YES;
				CLANG_WARN_OBJC_LITERAL_CONVERSION = YES;
				CLANG_WARN_OBJC_ROOT_CLASS = YES_ERROR;
				CLANG_WARN_RANGE_LOOP_ANALYSIS = YES;
				CLANG_WARN_STRICT_PROTOTYPES = YES;
				CLANG_WARN_SUSPICIOUS_MOVE = YES;
				CLANG_WARN_UNGUARDED_AVAILABILITY = YES_AGGRESSIVE;
				CLANG_WARN_UNREACHABLE_CODE = YES;
				CLANG_WARN__DUPLICATE_METHOD_MATCH = YES;
				CODE_SIGN_IDENTITY = "iPhone Developer";
				COPY_PHASE_STRIP = NO;
				DEBUG_INFORMATION_FORMAT = "dwarf-with-dsym";
				ENABLE_NS_ASSERTIONS = NO;
				ENABLE_STRICT_OBJC_MSGSEND = YES;
				GCC_C_LANGUAGE_STANDARD = gnu11;
				GCC_NO_COMMON_BLOCKS = YES;
				GCC_WARN_64_TO_32_BIT_CONVERSION = YES;
				GCC_WARN_ABOUT_RETURN_TYPE = YES_ERROR;
				GCC_WARN_UNDECLARED_SELECTOR = YES;
				GCC_WARN_UNINITIALIZED_AUTOS = YES_AGGRESSIVE;
				GCC_WARN_UNUSED_FUNCTION = YES;
				GCC_WARN_UNUSED_VARIABLE = YES;
				IPHONEOS_DEPLOYMENT_TARGET = 11.1;
				MTL_ENABLE_DEBUG_INFO = NO;
				SDKROOT = iphoneos;
				SWIFT_OPTIMIZATION_LEVEL = "-Owholemodule";
				VALIDATE_PRODUCT = YES;
			};
			name = Release;
		};
		A11EB0391FAD4FBE000D5E25 /* Debug */ = {
			isa = XCBuildConfiguration;
			buildSettings = {
				ASSETCATALOG_COMPILER_APPICON_NAME = AppIcon;
				CODE_SIGN_STYLE = Automatic;
				DEVELOPMENT_TEAM = R984C6N435;
				INFOPLIST_FILE = Berzan/Info.plist;
				LD_RUNPATH_SEARCH_PATHS = "$(inherited) @executable_path/Frameworks";
				PRODUCT_BUNDLE_IDENTIFIER = am.alite.Berzan;
				PRODUCT_NAME = "$(TARGET_NAME)";
				SWIFT_VERSION = 4.0;
				TARGETED_DEVICE_FAMILY = "1,2";
			};
			name = Debug;
		};
		A11EB03A1FAD4FBE000D5E25 /* Release */ = {
			isa = XCBuildConfiguration;
			buildSettings = {
				ASSETCATALOG_COMPILER_APPICON_NAME = AppIcon;
				CODE_SIGN_STYLE = Automatic;
				DEVELOPMENT_TEAM = R984C6N435;
				INFOPLIST_FILE = Berzan/Info.plist;
				LD_RUNPATH_SEARCH_PATHS = "$(inherited) @executable_path/Frameworks";
				PRODUCT_BUNDLE_IDENTIFIER = am.alite.Berzan;
				PRODUCT_NAME = "$(TARGET_NAME)";
				SWIFT_VERSION = 4.0;
				TARGETED_DEVICE_FAMILY = "1,2";
			};
			name = Release;
		};
		A11EB03C1FAD4FBE000D5E25 /* Debug */ = {
			isa = XCBuildConfiguration;
			buildSettings = {
				ALWAYS_EMBED_SWIFT_STANDARD_LIBRARIES = YES;
				BUNDLE_LOADER = "$(TEST_HOST)";
				CODE_SIGN_STYLE = Automatic;
				DEVELOPMENT_TEAM = R984C6N435;
				INFOPLIST_FILE = BerzanTests/Info.plist;
				LD_RUNPATH_SEARCH_PATHS = "$(inherited) @executable_path/Frameworks @loader_path/Frameworks";
				PRODUCT_BUNDLE_IDENTIFIER = am.alite.BerzanTests;
				PRODUCT_NAME = "$(TARGET_NAME)";
				SWIFT_VERSION = 4.0;
				TARGETED_DEVICE_FAMILY = "1,2";
				TEST_HOST = "$(BUILT_PRODUCTS_DIR)/Berzan.app/Berzan";
			};
			name = Debug;
		};
		A11EB03D1FAD4FBE000D5E25 /* Release */ = {
			isa = XCBuildConfiguration;
			buildSettings = {
				ALWAYS_EMBED_SWIFT_STANDARD_LIBRARIES = YES;
				BUNDLE_LOADER = "$(TEST_HOST)";
				CODE_SIGN_STYLE = Automatic;
				DEVELOPMENT_TEAM = R984C6N435;
				INFOPLIST_FILE = BerzanTests/Info.plist;
				LD_RUNPATH_SEARCH_PATHS = "$(inherited) @executable_path/Frameworks @loader_path/Frameworks";
				PRODUCT_BUNDLE_IDENTIFIER = am.alite.BerzanTests;
				PRODUCT_NAME = "$(TARGET_NAME)";
				SWIFT_VERSION = 4.0;
				TARGETED_DEVICE_FAMILY = "1,2";
				TEST_HOST = "$(BUILT_PRODUCTS_DIR)/Berzan.app/Berzan";
			};
			name = Release;
		};
		A11EB03F1FAD4FBE000D5E25 /* Debug */ = {
			isa = XCBuildConfiguration;
			buildSettings = {
				ALWAYS_EMBED_SWIFT_STANDARD_LIBRARIES = YES;
				CODE_SIGN_STYLE = Automatic;
				DEVELOPMENT_TEAM = R984C6N435;
				INFOPLIST_FILE = BerzanUITests/Info.plist;
				LD_RUNPATH_SEARCH_PATHS = "$(inherited) @executable_path/Frameworks @loader_path/Frameworks";
				PRODUCT_BUNDLE_IDENTIFIER = am.alite.BerzanUITests;
				PRODUCT_NAME = "$(TARGET_NAME)";
				SWIFT_VERSION = 4.0;
				TARGETED_DEVICE_FAMILY = "1,2";
				TEST_TARGET_NAME = Berzan;
			};
			name = Debug;
		};
		A11EB0401FAD4FBE000D5E25 /* Release */ = {
			isa = XCBuildConfiguration;
			buildSettings = {
				ALWAYS_EMBED_SWIFT_STANDARD_LIBRARIES = YES;
				CODE_SIGN_STYLE = Automatic;
				DEVELOPMENT_TEAM = R984C6N435;
				INFOPLIST_FILE = BerzanUITests/Info.plist;
				LD_RUNPATH_SEARCH_PATHS = "$(inherited) @executable_path/Frameworks @loader_path/Frameworks";
				PRODUCT_BUNDLE_IDENTIFIER = am.alite.BerzanUITests;
				PRODUCT_NAME = "$(TARGET_NAME)";
				SWIFT_VERSION = 4.0;
				TARGETED_DEVICE_FAMILY = "1,2";
				TEST_TARGET_NAME = Berzan;
			};
			name = Release;
		};
/* End XCBuildConfiguration section */

/* Begin XCConfigurationList section */
		A11EB00B1FAD4FBE000D5E25 /* Build configuration list for PBXProject "Berzan" */ = {
			isa = XCConfigurationList;
			buildConfigurations = (
				A11EB0361FAD4FBE000D5E25 /* Debug */,
				A11EB0371FAD4FBE000D5E25 /* Release */,
			);
			defaultConfigurationIsVisible = 0;
			defaultConfigurationName = Release;
		};
		A11EB0381FAD4FBE000D5E25 /* Build configuration list for PBXNativeTarget "Berzan" */ = {
			isa = XCConfigurationList;
			buildConfigurations = (
				A11EB0391FAD4FBE000D5E25 /* Debug */,
				A11EB03A1FAD4FBE000D5E25 /* Release */,
			);
			defaultConfigurationIsVisible = 0;
			defaultConfigurationName = Release;
		};
		A11EB03B1FAD4FBE000D5E25 /* Build configuration list for PBXNativeTarget "BerzanTests" */ = {
			isa = XCConfigurationList;
			buildConfigurations = (
				A11EB03C1FAD4FBE000D5E25 /* Debug */,
				A11EB03D1FAD4FBE000D5E25 /* Release */,
			);
			defaultConfigurationIsVisible = 0;
			defaultConfigurationName = Release;
		};
		A11EB03E1FAD4FBE000D5E25 /* Build configuration list for PBXNativeTarget "BerzanUITests" */ = {
			isa = XCConfigurationList;
			buildConfigurations = (
				A11EB03F1FAD4FBE000D5E25 /* Debug */,
				A11EB0401FAD4FBE000D5E25 /* Release */,
			);
			defaultConfigurationIsVisible = 0;
			defaultConfigurationName = Release;
		};
/* End XCConfigurationList section */
	};
	rootObject = A11EB0081FAD4FBE000D5E25 /* Project object */;
}
