// !$*UTF8*$!
{
	archiveVersion = 1;
	classes = {
	};
	objectVersion = 48;
	objects = {

/* Begin PBXBuildFile section */
		21F15F036F1A8F11CA564150 /* Pods_BerzanUITests.framework in Frameworks */ = {isa = PBXBuildFile; fileRef = 8891CFD44A99CC6B748C91C2 /* Pods_BerzanUITests.framework */; };
		42ECAC42423DBABFD9A4339D /* Pods_BerzanTests.framework in Frameworks */ = {isa = PBXBuildFile; fileRef = 56AC21302C95C4C4B9FA9A87 /* Pods_BerzanTests.framework */; };
		A11EB0141FAD4FBE000D5E25 /* AppDelegate.swift in Sources */ = {isa = PBXBuildFile; fileRef = A11EB0131FAD4FBE000D5E25 /* AppDelegate.swift */; };
		A11EB0191FAD4FBE000D5E25 /* Main.storyboard in Resources */ = {isa = PBXBuildFile; fileRef = A11EB0171FAD4FBE000D5E25 /* Main.storyboard */; };
		A11EB01B1FAD4FBE000D5E25 /* Assets.xcassets in Resources */ = {isa = PBXBuildFile; fileRef = A11EB01A1FAD4FBE000D5E25 /* Assets.xcassets */; };
		A11EB01E1FAD4FBE000D5E25 /* LaunchScreen.storyboard in Resources */ = {isa = PBXBuildFile; fileRef = A11EB01C1FAD4FBE000D5E25 /* LaunchScreen.storyboard */; };
		A11EB0291FAD4FBE000D5E25 /* BerzanTests.swift in Sources */ = {isa = PBXBuildFile; fileRef = A11EB0281FAD4FBE000D5E25 /* BerzanTests.swift */; };
		A11EB0341FAD4FBE000D5E25 /* BerzanUITests.swift in Sources */ = {isa = PBXBuildFile; fileRef = A11EB0331FAD4FBE000D5E25 /* BerzanUITests.swift */; };
		A11EB0451FAD5391000D5E25 /* logo.png in Resources */ = {isa = PBXBuildFile; fileRef = A11EB0441FAD5391000D5E25 /* logo.png */; };
		A11EB04B1FAD5713000D5E25 /* Schedule.swift in Sources */ = {isa = PBXBuildFile; fileRef = A11EB04A1FAD5713000D5E25 /* Schedule.swift */; };
		A17056F71FADC7030053AA21 /* Localizable.strings in Resources */ = {isa = PBXBuildFile; fileRef = A17056F91FADC7030053AA21 /* Localizable.strings */; };
		A1AB889B1FB0F09700FFAF49 /* Settings.swift in Sources */ = {isa = PBXBuildFile; fileRef = A1AB889A1FB0F09700FFAF49 /* Settings.swift */; };
		A1B4305D1FBE2EFC00FE2920 /* SchoolFood.swift in Sources */ = {isa = PBXBuildFile; fileRef = A1B4305C1FBE2EFC00FE2920 /* SchoolFood.swift */; };
		A1BEE4601FB10AA1008C25E5 /* MessageUI.framework in Frameworks */ = {isa = PBXBuildFile; fileRef = A1BEE45F1FB10AA1008C25E5 /* MessageUI.framework */; };
		A1BF582B1FCCB89C00F01433 /* Kåren-Login.swift in Sources */ = {isa = PBXBuildFile; fileRef = A1BF582A1FCCB89C00F01433 /* Kåren-Login.swift */; };
		B1BBB5F286C2FFFF5BDFA34B /* Pods_Berzan.framework in Frameworks */ = {isa = PBXBuildFile; fileRef = AE4AFD6B7229E331C7BE13AD /* Pods_Berzan.framework */; };
/* End PBXBuildFile section */

/* Begin PBXContainerItemProxy section */
		A11EB0251FAD4FBE000D5E25 /* PBXContainerItemProxy */ = {
			isa = PBXContainerItemProxy;
			containerPortal = A11EB0081FAD4FBE000D5E25 /* Project object */;
			proxyType = 1;
			remoteGlobalIDString = A11EB00F1FAD4FBE000D5E25;
			remoteInfo = Berzan;
		};
		A11EB0301FAD4FBE000D5E25 /* PBXContainerItemProxy */ = {
			isa = PBXContainerItemProxy;
			containerPortal = A11EB0081FAD4FBE000D5E25 /* Project object */;
			proxyType = 1;
			remoteGlobalIDString = A11EB00F1FAD4FBE000D5E25;
			remoteInfo = Berzan;
		};
/* End PBXContainerItemProxy section */

/* Begin PBXFileReference section */
		3E3F6D18A01B64D347BD70AF /* Pods-BerzanUITests.debug.xcconfig */ = {isa = PBXFileReference; includeInIndex = 1; lastKnownFileType = text.xcconfig; name = "Pods-BerzanUITests.debug.xcconfig"; path = "Pods/Target Support Files/Pods-BerzanUITests/Pods-BerzanUITests.debug.xcconfig"; sourceTree = "<group>"; };
		56AC21302C95C4C4B9FA9A87 /* Pods_BerzanTests.framework */ = {isa = PBXFileReference; explicitFileType = wrapper.framework; includeInIndex = 0; path = Pods_BerzanTests.framework; sourceTree = BUILT_PRODUCTS_DIR; };
		6C413965FE9EB8219C7380D3 /* Pods-BerzanUITests.release.xcconfig */ = {isa = PBXFileReference; includeInIndex = 1; lastKnownFileType = text.xcconfig; name = "Pods-BerzanUITests.release.xcconfig"; path = "Pods/Target Support Files/Pods-BerzanUITests/Pods-BerzanUITests.release.xcconfig"; sourceTree = "<group>"; };
		8891CFD44A99CC6B748C91C2 /* Pods_BerzanUITests.framework */ = {isa = PBXFileReference; explicitFileType = wrapper.framework; includeInIndex = 0; path = Pods_BerzanUITests.framework; sourceTree = BUILT_PRODUCTS_DIR; };
		8A391F29A818FCF4582084F5 /* Pods-BerzanTests.release.xcconfig */ = {isa = PBXFileReference; includeInIndex = 1; lastKnownFileType = text.xcconfig; name = "Pods-BerzanTests.release.xcconfig"; path = "Pods/Target Support Files/Pods-BerzanTests/Pods-BerzanTests.release.xcconfig"; sourceTree = "<group>"; };
		98AEC173667BF79F9CAB9754 /* Pods-BerzanTests.debug.xcconfig */ = {isa = PBXFileReference; includeInIndex = 1; lastKnownFileType = text.xcconfig; name = "Pods-BerzanTests.debug.xcconfig"; path = "Pods/Target Support Files/Pods-BerzanTests/Pods-BerzanTests.debug.xcconfig"; sourceTree = "<group>"; };
		A11EB0101FAD4FBE000D5E25 /* Berzan.app */ = {isa = PBXFileReference; explicitFileType = wrapper.application; includeInIndex = 0; path = Berzan.app; sourceTree = BUILT_PRODUCTS_DIR; };
		A11EB0131FAD4FBE000D5E25 /* AppDelegate.swift */ = {isa = PBXFileReference; lastKnownFileType = sourcecode.swift; path = AppDelegate.swift; sourceTree = "<group>"; };
		A11EB0181FAD4FBE000D5E25 /* Base */ = {isa = PBXFileReference; lastKnownFileType = file.storyboard; name = Base; path = Base.lproj/Main.storyboard; sourceTree = "<group>"; };
		A11EB01A1FAD4FBE000D5E25 /* Assets.xcassets */ = {isa = PBXFileReference; lastKnownFileType = folder.assetcatalog; path = Assets.xcassets; sourceTree = "<group>"; };
		A11EB01D1FAD4FBE000D5E25 /* Base */ = {isa = PBXFileReference; lastKnownFileType = file.storyboard; name = Base; path = Base.lproj/LaunchScreen.storyboard; sourceTree = "<group>"; };
		A11EB01F1FAD4FBE000D5E25 /* Info.plist */ = {isa = PBXFileReference; lastKnownFileType = text.plist.xml; path = Info.plist; sourceTree = "<group>"; };
		A11EB0241FAD4FBE000D5E25 /* BerzanTests.xctest */ = {isa = PBXFileReference; explicitFileType = wrapper.cfbundle; includeInIndex = 0; path = BerzanTests.xctest; sourceTree = BUILT_PRODUCTS_DIR; };
		A11EB0281FAD4FBE000D5E25 /* BerzanTests.swift */ = {isa = PBXFileReference; lastKnownFileType = sourcecode.swift; path = BerzanTests.swift; sourceTree = "<group>"; };
		A11EB02A1FAD4FBE000D5E25 /* Info.plist */ = {isa = PBXFileReference; lastKnownFileType = text.plist.xml; path = Info.plist; sourceTree = "<group>"; };
		A11EB02F1FAD4FBE000D5E25 /* BerzanUITests.xctest */ = {isa = PBXFileReference; explicitFileType = wrapper.cfbundle; includeInIndex = 0; path = BerzanUITests.xctest; sourceTree = BUILT_PRODUCTS_DIR; };
		A11EB0331FAD4FBE000D5E25 /* BerzanUITests.swift */ = {isa = PBXFileReference; lastKnownFileType = sourcecode.swift; path = BerzanUITests.swift; sourceTree = "<group>"; };
		A11EB0351FAD4FBE000D5E25 /* Info.plist */ = {isa = PBXFileReference; lastKnownFileType = text.plist.xml; path = Info.plist; sourceTree = "<group>"; };
		A11EB0441FAD5391000D5E25 /* logo.png */ = {isa = PBXFileReference; lastKnownFileType = image.png; path = logo.png; sourceTree = "<group>"; };
		A11EB04A1FAD5713000D5E25 /* Schedule.swift */ = {isa = PBXFileReference; lastKnownFileType = sourcecode.swift; path = Schedule.swift; sourceTree = "<group>"; };
		A17056F21FADC69A0053AA21 /* sv */ = {isa = PBXFileReference; lastKnownFileType = text.plist.strings; name = sv; path = sv.lproj/Main.strings; sourceTree = "<group>"; };
		A17056F81FADC7030053AA21 /* en */ = {isa = PBXFileReference; lastKnownFileType = text.plist.strings; name = en; path = en.lproj/Localizable.strings; sourceTree = "<group>"; };
		A17056FA1FADC7040053AA21 /* sv */ = {isa = PBXFileReference; lastKnownFileType = text.plist.strings; name = sv; path = sv.lproj/Localizable.strings; sourceTree = "<group>"; };
		A1AB889A1FB0F09700FFAF49 /* Settings.swift */ = {isa = PBXFileReference; lastKnownFileType = sourcecode.swift; path = Settings.swift; sourceTree = "<group>"; };
		A1AB889D1FB0F54B00FFAF49 /* en */ = {isa = PBXFileReference; lastKnownFileType = text.plist.strings; name = en; path = en.lproj/LaunchScreen.strings; sourceTree = "<group>"; };
		A1AB889F1FB0F54B00FFAF49 /* sv */ = {isa = PBXFileReference; lastKnownFileType = text.plist.strings; name = sv; path = sv.lproj/LaunchScreen.strings; sourceTree = "<group>"; };
		A1AB88A11FB0F56000FFAF49 /* en */ = {isa = PBXFileReference; lastKnownFileType = text.plist.strings; name = en; path = en.lproj/Main.strings; sourceTree = "<group>"; };
		A1B4305C1FBE2EFC00FE2920 /* SchoolFood.swift */ = {isa = PBXFileReference; lastKnownFileType = sourcecode.swift; path = SchoolFood.swift; sourceTree = "<group>"; };
		A1B754E01FADEA2100626285 /* XLPagerTabStrip.framework */ = {isa = PBXFileReference; explicitFileType = wrapper.framework; path = XLPagerTabStrip.framework; sourceTree = BUILT_PRODUCTS_DIR; };
		A1B754E21FADEA2D00626285 /* Kingfisher.framework */ = {isa = PBXFileReference; explicitFileType = wrapper.framework; path = Kingfisher.framework; sourceTree = BUILT_PRODUCTS_DIR; };
		A1BEE45F1FB10AA1008C25E5 /* MessageUI.framework */ = {isa = PBXFileReference; lastKnownFileType = wrapper.framework; name = MessageUI.framework; path = System/Library/Frameworks/MessageUI.framework; sourceTree = SDKROOT; };
		A1BF582A1FCCB89C00F01433 /* Kåren-Login.swift */ = {isa = PBXFileReference; lastKnownFileType = sourcecode.swift; path = "Kåren-Login.swift"; sourceTree = "<group>"; };
		AE4AFD6B7229E331C7BE13AD /* Pods_Berzan.framework */ = {isa = PBXFileReference; explicitFileType = wrapper.framework; includeInIndex = 0; path = Pods_Berzan.framework; sourceTree = BUILT_PRODUCTS_DIR; };
		B0911FE6EA6FA7AE5A0DA03C /* Pods-Berzan.debug.xcconfig */ = {isa = PBXFileReference; includeInIndex = 1; lastKnownFileType = text.xcconfig; name = "Pods-Berzan.debug.xcconfig"; path = "Pods/Target Support Files/Pods-Berzan/Pods-Berzan.debug.xcconfig"; sourceTree = "<group>"; };
		C314A42D3848C583337FE514 /* Pods-Berzan.release.xcconfig */ = {isa = PBXFileReference; includeInIndex = 1; lastKnownFileType = text.xcconfig; name = "Pods-Berzan.release.xcconfig"; path = "Pods/Target Support Files/Pods-Berzan/Pods-Berzan.release.xcconfig"; sourceTree = "<group>"; };
/* End PBXFileReference section */

/* Begin PBXFrameworksBuildPhase section */
		A11EB00D1FAD4FBE000D5E25 /* Frameworks */ = {
			isa = PBXFrameworksBuildPhase;
			buildActionMask = 2147483647;
			files = (
				A1BEE4601FB10AA1008C25E5 /* MessageUI.framework in Frameworks */,
				B1BBB5F286C2FFFF5BDFA34B /* Pods_Berzan.framework in Frameworks */,
			);
			runOnlyForDeploymentPostprocessing = 0;
		};
		A11EB0211FAD4FBE000D5E25 /* Frameworks */ = {
			isa = PBXFrameworksBuildPhase;
			buildActionMask = 2147483647;
			files = (
				42ECAC42423DBABFD9A4339D /* Pods_BerzanTests.framework in Frameworks */,
			);
			runOnlyForDeploymentPostprocessing = 0;
		};
		A11EB02C1FAD4FBE000D5E25 /* Frameworks */ = {
			isa = PBXFrameworksBuildPhase;
			buildActionMask = 2147483647;
			files = (
				21F15F036F1A8F11CA564150 /* Pods_BerzanUITests.framework in Frameworks */,
			);
			runOnlyForDeploymentPostprocessing = 0;
		};
/* End PBXFrameworksBuildPhase section */

/* Begin PBXGroup section */
		A11EB0071FAD4FBE000D5E25 = {
			isa = PBXGroup;
			children = (
				A11EB0121FAD4FBE000D5E25 /* Berzan */,
				A11EB0271FAD4FBE000D5E25 /* BerzanTests */,
				A11EB0321FAD4FBE000D5E25 /* BerzanUITests */,
				A11EB0111FAD4FBE000D5E25 /* Products */,
				BB472767A29719DE4C28489B /* Pods */,
				BD9E00D8F79F5F7087EC9EBA /* Frameworks */,
			);
			sourceTree = "<group>";
		};
		A11EB0111FAD4FBE000D5E25 /* Products */ = {
			isa = PBXGroup;
			children = (
				A11EB0101FAD4FBE000D5E25 /* Berzan.app */,
				A11EB0241FAD4FBE000D5E25 /* BerzanTests.xctest */,
				A11EB02F1FAD4FBE000D5E25 /* BerzanUITests.xctest */,
			);
			name = Products;
			sourceTree = "<group>";
		};
		A11EB0121FAD4FBE000D5E25 /* Berzan */ = {
			isa = PBXGroup;
			children = (
				A11EB0431FAD5387000D5E25 /* Resources */,
				A11EB0421FAD537D000D5E25 /* User Interface */,
				A11EB0411FAD5373000D5E25 /* Swift */,
				A11EB01A1FAD4FBE000D5E25 /* Assets.xcassets */,
				A11EB01F1FAD4FBE000D5E25 /* Info.plist */,
			);
			path = Berzan;
			sourceTree = "<group>";
		};
		A11EB0271FAD4FBE000D5E25 /* BerzanTests */ = {
			isa = PBXGroup;
			children = (
				A11EB0281FAD4FBE000D5E25 /* BerzanTests.swift */,
				A11EB02A1FAD4FBE000D5E25 /* Info.plist */,
			);
			path = BerzanTests;
			sourceTree = "<group>";
		};
		A11EB0321FAD4FBE000D5E25 /* BerzanUITests */ = {
			isa = PBXGroup;
			children = (
				A11EB0331FAD4FBE000D5E25 /* BerzanUITests.swift */,
				A11EB0351FAD4FBE000D5E25 /* Info.plist */,
			);
			path = BerzanUITests;
			sourceTree = "<group>";
		};
		A11EB0411FAD5373000D5E25 /* Swift */ = {
			isa = PBXGroup;
			children = (
				A11EB0131FAD4FBE000D5E25 /* AppDelegate.swift */,
				A11EB04A1FAD5713000D5E25 /* Schedule.swift */,
				A1B4305C1FBE2EFC00FE2920 /* SchoolFood.swift */,
				A1AB889A1FB0F09700FFAF49 /* Settings.swift */,
				A1BF582A1FCCB89C00F01433 /* Kåren-Login.swift */,
			);
			path = Swift;
			sourceTree = "<group>";
		};
		A11EB0421FAD537D000D5E25 /* User Interface */ = {
			isa = PBXGroup;
			children = (
				A11EB01C1FAD4FBE000D5E25 /* LaunchScreen.storyboard */,
				A11EB0171FAD4FBE000D5E25 /* Main.storyboard */,
			);
			path = "User Interface";
			sourceTree = "<group>";
		};
		A11EB0431FAD5387000D5E25 /* Resources */ = {
			isa = PBXGroup;
			children = (
				A11EB0441FAD5391000D5E25 /* logo.png */,
				A17056F91FADC7030053AA21 /* Localizable.strings */,
			);
			path = Resources;
			sourceTree = "<group>";
		};
		BB472767A29719DE4C28489B /* Pods */ = {
			isa = PBXGroup;
			children = (
				B0911FE6EA6FA7AE5A0DA03C /* Pods-Berzan.debug.xcconfig */,
				C314A42D3848C583337FE514 /* Pods-Berzan.release.xcconfig */,
				98AEC173667BF79F9CAB9754 /* Pods-BerzanTests.debug.xcconfig */,
				8A391F29A818FCF4582084F5 /* Pods-BerzanTests.release.xcconfig */,
				3E3F6D18A01B64D347BD70AF /* Pods-BerzanUITests.debug.xcconfig */,
				6C413965FE9EB8219C7380D3 /* Pods-BerzanUITests.release.xcconfig */,
			);
			name = Pods;
			sourceTree = "<group>";
		};
		BD9E00D8F79F5F7087EC9EBA /* Frameworks */ = {
			isa = PBXGroup;
			children = (
				A1BEE45F1FB10AA1008C25E5 /* MessageUI.framework */,
				A1B754E21FADEA2D00626285 /* Kingfisher.framework */,
				A1B754E01FADEA2100626285 /* XLPagerTabStrip.framework */,
				AE4AFD6B7229E331C7BE13AD /* Pods_Berzan.framework */,
				56AC21302C95C4C4B9FA9A87 /* Pods_BerzanTests.framework */,
				8891CFD44A99CC6B748C91C2 /* Pods_BerzanUITests.framework */,
			);
			name = Frameworks;
			sourceTree = "<group>";
		};
/* End PBXGroup section */

/* Begin PBXNativeTarget section */
		A11EB00F1FAD4FBE000D5E25 /* Berzan */ = {
			isa = PBXNativeTarget;
			buildConfigurationList = A11EB0381FAD4FBE000D5E25 /* Build configuration list for PBXNativeTarget "Berzan" */;
			buildPhases = (
				ADCB055EFDC5A8CD16FF5DFF /* [CP] Check Pods Manifest.lock */,
				A11EB00C1FAD4FBE000D5E25 /* Sources */,
				A11EB00D1FAD4FBE000D5E25 /* Frameworks */,
				A11EB00E1FAD4FBE000D5E25 /* Resources */,
				901BD7EA137E0F808154BDF8 /* [CP] Embed Pods Frameworks */,
				5839ECB58585F82F26B118A9 /* [CP] Copy Pods Resources */,
				A11EB0461FAD5440000D5E25 /* ShellScript */,
			);
			buildRules = (
			);
			dependencies = (
			);
			name = Berzan;
			productName = Berzan;
			productReference = A11EB0101FAD4FBE000D5E25 /* Berzan.app */;
			productType = "com.apple.product-type.application";
		};
		A11EB0231FAD4FBE000D5E25 /* BerzanTests */ = {
			isa = PBXNativeTarget;
			buildConfigurationList = A11EB03B1FAD4FBE000D5E25 /* Build configuration list for PBXNativeTarget "BerzanTests" */;
			buildPhases = (
				D6A10EADD4529DDEFF81DAF5 /* [CP] Check Pods Manifest.lock */,
				A11EB0201FAD4FBE000D5E25 /* Sources */,
				A11EB0211FAD4FBE000D5E25 /* Frameworks */,
				A11EB0221FAD4FBE000D5E25 /* Resources */,
				115E2F2C648A1E420DA83B56 /* [CP] Embed Pods Frameworks */,
				0F265A69086B44AFF3D1903F /* [CP] Copy Pods Resources */,
			);
			buildRules = (
			);
			dependencies = (
				A11EB0261FAD4FBE000D5E25 /* PBXTargetDependency */,
			);
			name = BerzanTests;
			productName = BerzanTests;
			productReference = A11EB0241FAD4FBE000D5E25 /* BerzanTests.xctest */;
			productType = "com.apple.product-type.bundle.unit-test";
		};
		A11EB02E1FAD4FBE000D5E25 /* BerzanUITests */ = {
			isa = PBXNativeTarget;
			buildConfigurationList = A11EB03E1FAD4FBE000D5E25 /* Build configuration list for PBXNativeTarget "BerzanUITests" */;
			buildPhases = (
				3B5EF8EC98EE16DDA2A25700 /* [CP] Check Pods Manifest.lock */,
				A11EB02B1FAD4FBE000D5E25 /* Sources */,
				A11EB02C1FAD4FBE000D5E25 /* Frameworks */,
				A11EB02D1FAD4FBE000D5E25 /* Resources */,
				EE670046E4FC48A03A4647C5 /* [CP] Embed Pods Frameworks */,
				B6CE20AB80B311A656E42321 /* [CP] Copy Pods Resources */,
			);
			buildRules = (
			);
			dependencies = (
				A11EB0311FAD4FBE000D5E25 /* PBXTargetDependency */,
			);
			name = BerzanUITests;
			productName = BerzanUITests;
			productReference = A11EB02F1FAD4FBE000D5E25 /* BerzanUITests.xctest */;
			productType = "com.apple.product-type.bundle.ui-testing";
		};
/* End PBXNativeTarget section */

/* Begin PBXProject section */
		A11EB0081FAD4FBE000D5E25 /* Project object */ = {
			isa = PBXProject;
			attributes = {
				LastSwiftUpdateCheck = 0910;
				LastUpgradeCheck = 0910;
				ORGANIZATIONNAME = "ALI Team";
				TargetAttributes = {
					A11EB00F1FAD4FBE000D5E25 = {
						CreatedOnToolsVersion = 9.1;
						ProvisioningStyle = Automatic;
					};
					A11EB0231FAD4FBE000D5E25 = {
						CreatedOnToolsVersion = 9.1;
						ProvisioningStyle = Automatic;
						TestTargetID = A11EB00F1FAD4FBE000D5E25;
					};
					A11EB02E1FAD4FBE000D5E25 = {
						CreatedOnToolsVersion = 9.1;
						ProvisioningStyle = Automatic;
						TestTargetID = A11EB00F1FAD4FBE000D5E25;
					};
				};
			};
			buildConfigurationList = A11EB00B1FAD4FBE000D5E25 /* Build configuration list for PBXProject "Berzan" */;
			compatibilityVersion = "Xcode 8.0";
			developmentRegion = en;
			hasScannedForEncodings = 0;
			knownRegions = (
				en,
				Base,
				sv,
			);
			mainGroup = A11EB0071FAD4FBE000D5E25;
			productRefGroup = A11EB0111FAD4FBE000D5E25 /* Products */;
			projectDirPath = "";
			projectRoot = "";
			targets = (
				A11EB00F1FAD4FBE000D5E25 /* Berzan */,
				A11EB0231FAD4FBE000D5E25 /* BerzanTests */,
				A11EB02E1FAD4FBE000D5E25 /* BerzanUITests */,
			);
		};
/* End PBXProject section */

/* Begin PBXResourcesBuildPhase section */
		A11EB00E1FAD4FBE000D5E25 /* Resources */ = {
			isa = PBXResourcesBuildPhase;
			buildActionMask = 2147483647;
			files = (
				A17056F71FADC7030053AA21 /* Localizable.strings in Resources */,
				A11EB0451FAD5391000D5E25 /* logo.png in Resources */,
				A11EB01E1FAD4FBE000D5E25 /* LaunchScreen.storyboard in Resources */,
				A11EB01B1FAD4FBE000D5E25 /* Assets.xcassets in Resources */,
				A11EB0191FAD4FBE000D5E25 /* Main.storyboard in Resources */,
			);
			runOnlyForDeploymentPostprocessing = 0;
		};
		A11EB0221FAD4FBE000D5E25 /* Resources */ = {
			isa = PBXResourcesBuildPhase;
			buildActionMask = 2147483647;
			files = (
			);
			runOnlyForDeploymentPostprocessing = 0;
		};
		A11EB02D1FAD4FBE000D5E25 /* Resources */ = {
			isa = PBXResourcesBuildPhase;
			buildActionMask = 2147483647;
			files = (
			);
			runOnlyForDeploymentPostprocessing = 0;
		};
/* End PBXResourcesBuildPhase section */

/* Begin PBXShellScriptBuildPhase section */
		0F265A69086B44AFF3D1903F /* [CP] Copy Pods Resources */ = {
			isa = PBXShellScriptBuildPhase;
			buildActionMask = 2147483647;
			files = (
			);
			inputPaths = (
			);
			name = "[CP] Copy Pods Resources";
			outputPaths = (
			);
			runOnlyForDeploymentPostprocessing = 0;
			shellPath = /bin/sh;
			shellScript = "\"${SRCROOT}/Pods/Target Support Files/Pods-BerzanTests/Pods-BerzanTests-resources.sh\"\n";
			showEnvVarsInLog = 0;
		};
		115E2F2C648A1E420DA83B56 /* [CP] Embed Pods Frameworks */ = {
			isa = PBXShellScriptBuildPhase;
			buildActionMask = 2147483647;
			files = (
			);
			inputPaths = (
			);
			name = "[CP] Embed Pods Frameworks";
			outputPaths = (
			);
			runOnlyForDeploymentPostprocessing = 0;
			shellPath = /bin/sh;
			shellScript = "\"${SRCROOT}/Pods/Target Support Files/Pods-BerzanTests/Pods-BerzanTests-frameworks.sh\"\n";
			showEnvVarsInLog = 0;
		};
		3B5EF8EC98EE16DDA2A25700 /* [CP] Check Pods Manifest.lock */ = {
			isa = PBXShellScriptBuildPhase;
			buildActionMask = 2147483647;
			files = (
			);
			inputPaths = (
			);
			name = "[CP] Check Pods Manifest.lock";
			outputPaths = (
			);
			runOnlyForDeploymentPostprocessing = 0;
			shellPath = /bin/sh;
			shellScript = "diff \"${PODS_ROOT}/../Podfile.lock\" \"${PODS_ROOT}/Manifest.lock\" > /dev/null\nif [ $? != 0 ] ; then\n    # print error to STDERR\n    echo \"error: The sandbox is not in sync with the Podfile.lock. Run 'pod install' or update your CocoaPods installation.\" >&2\n    exit 1\nfi\n";
			showEnvVarsInLog = 0;
		};
		5839ECB58585F82F26B118A9 /* [CP] Copy Pods Resources */ = {
			isa = PBXShellScriptBuildPhase;
			buildActionMask = 2147483647;
			files = (
			);
			inputPaths = (
			);
			name = "[CP] Copy Pods Resources";
			outputPaths = (
			);
			runOnlyForDeploymentPostprocessing = 0;
			shellPath = /bin/sh;
			shellScript = "\"${SRCROOT}/Pods/Target Support Files/Pods-Berzan/Pods-Berzan-resources.sh\"\n";
			showEnvVarsInLog = 0;
		};
		901BD7EA137E0F808154BDF8 /* [CP] Embed Pods Frameworks */ = {
			isa = PBXShellScriptBuildPhase;
			buildActionMask = 2147483647;
			files = (
			);
			inputPaths = (
			);
			name = "[CP] Embed Pods Frameworks";
			outputPaths = (
			);
			runOnlyForDeploymentPostprocessing = 0;
			shellPath = /bin/sh;
			shellScript = "\"${SRCROOT}/Pods/Target Support Files/Pods-Berzan/Pods-Berzan-frameworks.sh\"\n";
			showEnvVarsInLog = 0;
		};
		A11EB0461FAD5440000D5E25 /* ShellScript */ = {
			isa = PBXShellScriptBuildPhase;
			buildActionMask = 2147483647;
			files = (
			);
			inputPaths = (
			);
			outputPaths = (
			);
			runOnlyForDeploymentPostprocessing = 0;
			shellPath = /bin/bash;
			shellScript = "buildNumber=$(/usr/libexec/PlistBuddy -c \"Print CFBundleVersion\" \"${PROJECT_DIR}/${INFOPLIST_FILE}\")\nbuildNumber=$(($buildNumber + 1))\n/usr/libexec/PlistBuddy -c \"Set :CFBundleVersion $buildNumber\" \"${PROJECT_DIR}/${INFOPLIST_FILE}\"";
		};
		ADCB055EFDC5A8CD16FF5DFF /* [CP] Check Pods Manifest.lock */ = {
			isa = PBXShellScriptBuildPhase;
			buildActionMask = 2147483647;
			files = (
			);
			inputPaths = (
			);
			name = "[CP] Check Pods Manifest.lock";
			outputPaths = (
			);
			runOnlyForDeploymentPostprocessing = 0;
			shellPath = /bin/sh;
			shellScript = "diff \"${PODS_ROOT}/../Podfile.lock\" \"${PODS_ROOT}/Manifest.lock\" > /dev/null\nif [ $? != 0 ] ; then\n    # print error to STDERR\n    echo \"error: The sandbox is not in sync with the Podfile.lock. Run 'pod install' or update your CocoaPods installation.\" >&2\n    exit 1\nfi\n";
			showEnvVarsInLog = 0;
		};
		B6CE20AB80B311A656E42321 /* [CP] Copy Pods Resources */ = {
			isa = PBXShellScriptBuildPhase;
			buildActionMask = 2147483647;
			files = (
			);
			inputPaths = (
			);
			name = "[CP] Copy Pods Resources";
			outputPaths = (
			);
			runOnlyForDeploymentPostprocessing = 0;
			shellPath = /bin/sh;
			shellScript = "\"${SRCROOT}/Pods/Target Support Files/Pods-BerzanUITests/Pods-BerzanUITests-resources.sh\"\n";
			showEnvVarsInLog = 0;
		};
		D6A10EADD4529DDEFF81DAF5 /* [CP] Check Pods Manifest.lock */ = {
			isa = PBXShellScriptBuildPhase;
			buildActionMask = 2147483647;
			files = (
			);
			inputPaths = (
			);
			name = "[CP] Check Pods Manifest.lock";
			outputPaths = (
			);
			runOnlyForDeploymentPostprocessing = 0;
			shellPath = /bin/sh;
			shellScript = "diff \"${PODS_ROOT}/../Podfile.lock\" \"${PODS_ROOT}/Manifest.lock\" > /dev/null\nif [ $? != 0 ] ; then\n    # print error to STDERR\n    echo \"error: The sandbox is not in sync with the Podfile.lock. Run 'pod install' or update your CocoaPods installation.\" >&2\n    exit 1\nfi\n";
			showEnvVarsInLog = 0;
		};
		EE670046E4FC48A03A4647C5 /* [CP] Embed Pods Frameworks */ = {
			isa = PBXShellScriptBuildPhase;
			buildActionMask = 2147483647;
			files = (
			);
			inputPaths = (
			);
			name = "[CP] Embed Pods Frameworks";
			outputPaths = (
			);
			runOnlyForDeploymentPostprocessing = 0;
			shellPath = /bin/sh;
			shellScript = "\"${SRCROOT}/Pods/Target Support Files/Pods-BerzanUITests/Pods-BerzanUITests-frameworks.sh\"\n";
			showEnvVarsInLog = 0;
		};
/* End PBXShellScriptBuildPhase section */

/* Begin PBXSourcesBuildPhase section */
		A11EB00C1FAD4FBE000D5E25 /* Sources */ = {
			isa = PBXSourcesBuildPhase;
			buildActionMask = 2147483647;
			files = (
				A1AB889B1FB0F09700FFAF49 /* Settings.swift in Sources */,
				A11EB04B1FAD5713000D5E25 /* Schedule.swift in Sources */,
				A11EB0141FAD4FBE000D5E25 /* AppDelegate.swift in Sources */,
				A1BF582B1FCCB89C00F01433 /* Kåren-Login.swift in Sources */,
				A1B4305D1FBE2EFC00FE2920 /* SchoolFood.swift in Sources */,
			);
			runOnlyForDeploymentPostprocessing = 0;
		};
		A11EB0201FAD4FBE000D5E25 /* Sources */ = {
			isa = PBXSourcesBuildPhase;
			buildActionMask = 2147483647;
			files = (
				A11EB0291FAD4FBE000D5E25 /* BerzanTests.swift in Sources */,
			);
			runOnlyForDeploymentPostprocessing = 0;
		};
		A11EB02B1FAD4FBE000D5E25 /* Sources */ = {
			isa = PBXSourcesBuildPhase;
			buildActionMask = 2147483647;
			files = (
				A11EB0341FAD4FBE000D5E25 /* BerzanUITests.swift in Sources */,
			);
			runOnlyForDeploymentPostprocessing = 0;
		};
/* End PBXSourcesBuildPhase section */

/* Begin PBXTargetDependency section */
		A11EB0261FAD4FBE000D5E25 /* PBXTargetDependency */ = {
			isa = PBXTargetDependency;
			target = A11EB00F1FAD4FBE000D5E25 /* Berzan */;
			targetProxy = A11EB0251FAD4FBE000D5E25 /* PBXContainerItemProxy */;
		};
		A11EB0311FAD4FBE000D5E25 /* PBXTargetDependency */ = {
			isa = PBXTargetDependency;
			target = A11EB00F1FAD4FBE000D5E25 /* Berzan */;
			targetProxy = A11EB0301FAD4FBE000D5E25 /* PBXContainerItemProxy */;
		};
/* End PBXTargetDependency section */

/* Begin PBXVariantGroup section */
		A11EB0171FAD4FBE000D5E25 /* Main.storyboard */ = {
			isa = PBXVariantGroup;
			children = (
				A11EB0181FAD4FBE000D5E25 /* Base */,
				A17056F21FADC69A0053AA21 /* sv */,
				A1AB88A11FB0F56000FFAF49 /* en */,
			);
			name = Main.storyboard;
			sourceTree = "<group>";
		};
		A11EB01C1FAD4FBE000D5E25 /* LaunchScreen.storyboard */ = {
			isa = PBXVariantGroup;
			children = (
				A11EB01D1FAD4FBE000D5E25 /* Base */,
				A1AB889D1FB0F54B00FFAF49 /* en */,
				A1AB889F1FB0F54B00FFAF49 /* sv */,
			);
			name = LaunchScreen.storyboard;
			sourceTree = "<group>";
		};
		A17056F91FADC7030053AA21 /* Localizable.strings */ = {
			isa = PBXVariantGroup;
			children = (
				A17056F81FADC7030053AA21 /* en */,
				A17056FA1FADC7040053AA21 /* sv */,
			);
			name = Localizable.strings;
			sourceTree = "<group>";
		};
/* End PBXVariantGroup section */

/* Begin XCBuildConfiguration section */
		A11EB0361FAD4FBE000D5E25 /* Debug */ = {
			isa = XCBuildConfiguration;
			buildSettings = {
				ALWAYS_SEARCH_USER_PATHS = NO;
				CLANG_ANALYZER_LOCALIZABILITY_NONLOCALIZED = YES;
				CLANG_ANALYZER_NONNULL = YES;
				CLANG_ANALYZER_NUMBER_OBJECT_CONVERSION = YES_AGGRESSIVE;
				CLANG_CXX_LANGUAGE_STANDARD = "gnu++14";
				CLANG_CXX_LIBRARY = "libc++";
				CLANG_ENABLE_MODULES = YES;
				CLANG_ENABLE_OBJC_ARC = YES;
				CLANG_WARN_BLOCK_CAPTURE_AUTORELEASING = YES;
				CLANG_WARN_BOOL_CONVERSION = YES;
				CLANG_WARN_COMMA = YES;
				CLANG_WARN_CONSTANT_CONVERSION = YES;
				CLANG_WARN_DIRECT_OBJC_ISA_USAGE = YES_ERROR;
				CLANG_WARN_DOCUMENTATION_COMMENTS = YES;
				CLANG_WARN_EMPTY_BODY = YES;
				CLANG_WARN_ENUM_CONVERSION = YES;
				CLANG_WARN_INFINITE_RECURSION = YES;
				CLANG_WARN_INT_CONVERSION = YES;
				CLANG_WARN_NON_LITERAL_NULL_CONVERSION = YES;
				CLANG_WARN_OBJC_LITERAL_CONVERSION = YES;
				CLANG_WARN_OBJC_ROOT_CLASS = YES_ERROR;
				CLANG_WARN_RANGE_LOOP_ANALYSIS = YES;
				CLANG_WARN_STRICT_PROTOTYPES = YES;
				CLANG_WARN_SUSPICIOUS_MOVE = YES;
				CLANG_WARN_UNGUARDED_AVAILABILITY = YES_AGGRESSIVE;
				CLANG_WARN_UNREACHABLE_CODE = YES;
				CLANG_WARN__DUPLICATE_METHOD_MATCH = YES;
				CODE_SIGN_IDENTITY = "iPhone Developer";
				COPY_PHASE_STRIP = NO;
				DEBUG_INFORMATION_FORMAT = dwarf;
				ENABLE_STRICT_OBJC_MSGSEND = YES;
				ENABLE_TESTABILITY = YES;
				GCC_C_LANGUAGE_STANDARD = gnu11;
				GCC_DYNAMIC_NO_PIC = NO;
				GCC_NO_COMMON_BLOCKS = YES;
				GCC_OPTIMIZATION_LEVEL = 0;
				GCC_PREPROCESSOR_DEFINITIONS = (
					"DEBUG=1",
					"$(inherited)",
				);
				GCC_WARN_64_TO_32_BIT_CONVERSION = YES;
				GCC_WARN_ABOUT_RETURN_TYPE = YES_ERROR;
				GCC_WARN_UNDECLARED_SELECTOR = YES;
				GCC_WARN_UNINITIALIZED_AUTOS = YES_AGGRESSIVE;
				GCC_WARN_UNUSED_FUNCTION = YES;
				GCC_WARN_UNUSED_VARIABLE = YES;
				IPHONEOS_DEPLOYMENT_TARGET = 11.1;
				MTL_ENABLE_DEBUG_INFO = YES;
				ONLY_ACTIVE_ARCH = YES;
				SDKROOT = iphoneos;
				SWIFT_ACTIVE_COMPILATION_CONDITIONS = DEBUG;
				SWIFT_OPTIMIZATION_LEVEL = "-Onone";
			};
			name = Debug;
		};
		A11EB0371FAD4FBE000D5E25 /* Release */ = {
			isa = XCBuildConfiguration;
			buildSettings = {
				ALWAYS_SEARCH_USER_PATHS = NO;
				CLANG_ANALYZER_LOCALIZABILITY_NONLOCALIZED = YES;
				CLANG_ANALYZER_NONNULL = YES;
				CLANG_ANALYZER_NUMBER_OBJECT_CONVERSION = YES_AGGRESSIVE;
				CLANG_CXX_LANGUAGE_STANDARD = "gnu++14";
				CLANG_CXX_LIBRARY = "libc++";
				CLANG_ENABLE_MODULES = YES;
				CLANG_ENABLE_OBJC_ARC = YES;
				CLANG_WARN_BLOCK_CAPTURE_AUTORELEASING = YES;
				CLANG_WARN_BOOL_CONVERSION = YES;
				CLANG_WARN_COMMA = YES;
				CLANG_WARN_CONSTANT_CONVERSION = YES;
				CLANG_WARN_DIRECT_OBJC_ISA_USAGE = YES_ERROR;
				CLANG_WARN_DOCUMENTATION_COMMENTS = YES;
				CLANG_WARN_EMPTY_BODY = YES;
				CLANG_WARN_ENUM_CONVERSION = YES;
				CLANG_WARN_INFINITE_RECURSION = YES;
				CLANG_WARN_INT_CONVERSION = YES;
				CLANG_WARN_NON_LITERAL_NULL_CONVERSION = YES;
				CLANG_WARN_OBJC_LITERAL_CONVERSION = YES;
				CLANG_WARN_OBJC_ROOT_CLASS = YES_ERROR;
				CLANG_WARN_RANGE_LOOP_ANALYSIS = YES;
				CLANG_WARN_STRICT_PROTOTYPES = YES;
				CLANG_WARN_SUSPICIOUS_MOVE = YES;
				CLANG_WARN_UNGUARDED_AVAILABILITY = YES_AGGRESSIVE;
				CLANG_WARN_UNREACHABLE_CODE = YES;
				CLANG_WARN__DUPLICATE_METHOD_MATCH = YES;
				CODE_SIGN_IDENTITY = "iPhone Developer";
				COPY_PHASE_STRIP = NO;
				DEBUG_INFORMATION_FORMAT = "dwarf-with-dsym";
				ENABLE_NS_ASSERTIONS = NO;
				ENABLE_STRICT_OBJC_MSGSEND = YES;
				GCC_C_LANGUAGE_STANDARD = gnu11;
				GCC_NO_COMMON_BLOCKS = YES;
				GCC_WARN_64_TO_32_BIT_CONVERSION = YES;
				GCC_WARN_ABOUT_RETURN_TYPE = YES_ERROR;
				GCC_WARN_UNDECLARED_SELECTOR = YES;
				GCC_WARN_UNINITIALIZED_AUTOS = YES_AGGRESSIVE;
				GCC_WARN_UNUSED_FUNCTION = YES;
				GCC_WARN_UNUSED_VARIABLE = YES;
				IPHONEOS_DEPLOYMENT_TARGET = 11.1;
				MTL_ENABLE_DEBUG_INFO = NO;
				SDKROOT = iphoneos;
				SWIFT_OPTIMIZATION_LEVEL = "-Owholemodule";
				VALIDATE_PRODUCT = YES;
			};
			name = Release;
		};
		A11EB0391FAD4FBE000D5E25 /* Debug */ = {
			isa = XCBuildConfiguration;
			baseConfigurationReference = B0911FE6EA6FA7AE5A0DA03C /* Pods-Berzan.debug.xcconfig */;
			buildSettings = {
				ASSETCATALOG_COMPILER_APPICON_NAME = AppIcon;
				CODE_SIGN_STYLE = Automatic;
				DEVELOPMENT_TEAM = 467PJN3NN9;
				INFOPLIST_FILE = Berzan/Info.plist;
				IPHONEOS_DEPLOYMENT_TARGET = 8.0;
				LD_RUNPATH_SEARCH_PATHS = "$(inherited) @executable_path/Frameworks";
				PRODUCT_BUNDLE_IDENTIFIER = am.alite.berzan;
				PRODUCT_NAME = "$(TARGET_NAME)";
				SWIFT_VERSION = 4.0;
				TARGETED_DEVICE_FAMILY = "1,2";
			};
			name = Debug;
		};
		A11EB03A1FAD4FBE000D5E25 /* Release */ = {
			isa = XCBuildConfiguration;
			baseConfigurationReference = C314A42D3848C583337FE514 /* Pods-Berzan.release.xcconfig */;
			buildSettings = {
				ASSETCATALOG_COMPILER_APPICON_NAME = AppIcon;
				CODE_SIGN_STYLE = Automatic;
				DEVELOPMENT_TEAM = 467PJN3NN9;
				INFOPLIST_FILE = Berzan/Info.plist;
				IPHONEOS_DEPLOYMENT_TARGET = 8.0;
				LD_RUNPATH_SEARCH_PATHS = "$(inherited) @executable_path/Frameworks";
				PRODUCT_BUNDLE_IDENTIFIER = am.alite.berzan;
				PRODUCT_NAME = "$(TARGET_NAME)";
				SWIFT_VERSION = 4.0;
				TARGETED_DEVICE_FAMILY = "1,2";
			};
			name = Release;
		};
		A11EB03C1FAD4FBE000D5E25 /* Debug */ = {
			isa = XCBuildConfiguration;
			baseConfigurationReference = 98AEC173667BF79F9CAB9754 /* Pods-BerzanTests.debug.xcconfig */;
			buildSettings = {
				ALWAYS_EMBED_SWIFT_STANDARD_LIBRARIES = YES;
				BUNDLE_LOADER = "$(TEST_HOST)";
				CODE_SIGN_STYLE = Automatic;
				DEVELOPMENT_TEAM = R984C6N435;
				INFOPLIST_FILE = BerzanTests/Info.plist;
				LD_RUNPATH_SEARCH_PATHS = "$(inherited) @executable_path/Frameworks @loader_path/Frameworks";
				PRODUCT_BUNDLE_IDENTIFIER = am.alite.BerzanTests;
				PRODUCT_NAME = "$(TARGET_NAME)";
				SWIFT_VERSION = 4.0;
				TARGETED_DEVICE_FAMILY = "1,2";
				TEST_HOST = "$(BUILT_PRODUCTS_DIR)/Berzan.app/Berzan";
			};
			name = Debug;
		};
		A11EB03D1FAD4FBE000D5E25 /* Release */ = {
			isa = XCBuildConfiguration;
			baseConfigurationReference = 8A391F29A818FCF4582084F5 /* Pods-BerzanTests.release.xcconfig */;
			buildSettings = {
				ALWAYS_EMBED_SWIFT_STANDARD_LIBRARIES = YES;
				BUNDLE_LOADER = "$(TEST_HOST)";
				CODE_SIGN_STYLE = Automatic;
				DEVELOPMENT_TEAM = R984C6N435;
				INFOPLIST_FILE = BerzanTests/Info.plist;
				LD_RUNPATH_SEARCH_PATHS = "$(inherited) @executable_path/Frameworks @loader_path/Frameworks";
				PRODUCT_BUNDLE_IDENTIFIER = am.alite.BerzanTests;
				PRODUCT_NAME = "$(TARGET_NAME)";
				SWIFT_VERSION = 4.0;
				TARGETED_DEVICE_FAMILY = "1,2";
				TEST_HOST = "$(BUILT_PRODUCTS_DIR)/Berzan.app/Berzan";
			};
			name = Release;
		};
		A11EB03F1FAD4FBE000D5E25 /* Debug */ = {
			isa = XCBuildConfiguration;
			baseConfigurationReference = 3E3F6D18A01B64D347BD70AF /* Pods-BerzanUITests.debug.xcconfig */;
			buildSettings = {
				ALWAYS_EMBED_SWIFT_STANDARD_LIBRARIES = YES;
				CODE_SIGN_STYLE = Automatic;
				DEVELOPMENT_TEAM = R984C6N435;
				INFOPLIST_FILE = BerzanUITests/Info.plist;
				LD_RUNPATH_SEARCH_PATHS = "$(inherited) @executable_path/Frameworks @loader_path/Frameworks";
				PRODUCT_BUNDLE_IDENTIFIER = am.alite.BerzanUITests;
				PRODUCT_NAME = "$(TARGET_NAME)";
				SWIFT_VERSION = 4.0;
				TARGETED_DEVICE_FAMILY = "1,2";
				TEST_TARGET_NAME = Berzan;
			};
			name = Debug;
		};
		A11EB0401FAD4FBE000D5E25 /* Release */ = {
			isa = XCBuildConfiguration;
			baseConfigurationReference = 6C413965FE9EB8219C7380D3 /* Pods-BerzanUITests.release.xcconfig */;
			buildSettings = {
				ALWAYS_EMBED_SWIFT_STANDARD_LIBRARIES = YES;
				CODE_SIGN_STYLE = Automatic;
				DEVELOPMENT_TEAM = R984C6N435;
				INFOPLIST_FILE = BerzanUITests/Info.plist;
				LD_RUNPATH_SEARCH_PATHS = "$(inherited) @executable_path/Frameworks @loader_path/Frameworks";
				PRODUCT_BUNDLE_IDENTIFIER = am.alite.BerzanUITests;
				PRODUCT_NAME = "$(TARGET_NAME)";
				SWIFT_VERSION = 4.0;
				TARGETED_DEVICE_FAMILY = "1,2";
				TEST_TARGET_NAME = Berzan;
			};
			name = Release;
		};
/* End XCBuildConfiguration section */

/* Begin XCConfigurationList section */
		A11EB00B1FAD4FBE000D5E25 /* Build configuration list for PBXProject "Berzan" */ = {
			isa = XCConfigurationList;
			buildConfigurations = (
				A11EB0361FAD4FBE000D5E25 /* Debug */,
				A11EB0371FAD4FBE000D5E25 /* Release */,
			);
			defaultConfigurationIsVisible = 0;
			defaultConfigurationName = Release;
		};
		A11EB0381FAD4FBE000D5E25 /* Build configuration list for PBXNativeTarget "Berzan" */ = {
			isa = XCConfigurationList;
			buildConfigurations = (
				A11EB0391FAD4FBE000D5E25 /* Debug */,
				A11EB03A1FAD4FBE000D5E25 /* Release */,
			);
			defaultConfigurationIsVisible = 0;
			defaultConfigurationName = Release;
		};
		A11EB03B1FAD4FBE000D5E25 /* Build configuration list for PBXNativeTarget "BerzanTests" */ = {
			isa = XCConfigurationList;
			buildConfigurations = (
				A11EB03C1FAD4FBE000D5E25 /* Debug */,
				A11EB03D1FAD4FBE000D5E25 /* Release */,
			);
			defaultConfigurationIsVisible = 0;
			defaultConfigurationName = Release;
		};
		A11EB03E1FAD4FBE000D5E25 /* Build configuration list for PBXNativeTarget "BerzanUITests" */ = {
			isa = XCConfigurationList;
			buildConfigurations = (
				A11EB03F1FAD4FBE000D5E25 /* Debug */,
				A11EB0401FAD4FBE000D5E25 /* Release */,
			);
			defaultConfigurationIsVisible = 0;
			defaultConfigurationName = Release;
		};
/* End XCConfigurationList section */
	};
	rootObject = A11EB0081FAD4FBE000D5E25 /* Project object */;
}
